
Microsoft Visual Studio Solution File, Format Version 12.00
# Visual Studio Version 16
VisualStudioVersion = 16.0.30413.136
MinimumVisualStudioVersion = 10.0.40219.1
Project("{9A19103F-16F7-4668-BE54-9A1E7A4F7556}") = "KamaradaBot.ConsoleApp", "KamaradaBot\KamaradaBot.ConsoleApp.csproj", "{2DD6F481-9217-4E31-AC28-B973958A0966}"
EndProject
Project("{FAE04EC0-301F-11D3-BF4B-00C04F79EFBC}") = "KamaradaBot.Core", "KamaradaBot.Core\KamaradaBot.Core.csproj", "{2CD76E8E-B881-42FD-B0E8-C3D95C5AB1C4}"
EndProject
Global
	GlobalSection(SolutionConfigurationPlatforms) = preSolution
		Debug|Any CPU = Debug|Any CPU
		Release|Any CPU = Release|Any CPU
	EndGlobalSection
	GlobalSection(ProjectConfigurationPlatforms) = postSolution
		{2DD6F481-9217-4E31-AC28-B973958A0966}.Debug|Any CPU.ActiveCfg = Debug|Any CPU
		{2DD6F481-9217-4E31-AC28-B973958A0966}.Debug|Any CPU.Build.0 = Debug|Any CPU
		{2DD6F481-9217-4E31-AC28-B973958A0966}.Release|Any CPU.ActiveCfg = Release|Any CPU
		{2DD6F481-9217-4E31-AC28-B973958A0966}.Release|Any CPU.Build.0 = Release|Any CPU
		{2CD76E8E-B881-42FD-B0E8-C3D95C5AB1C4}.Debug|Any CPU.ActiveCfg = Debug|Any CPU
		{2CD76E8E-B881-42FD-B0E8-C3D95C5AB1C4}.Debug|Any CPU.Build.0 = Debug|Any CPU
		{2CD76E8E-B881-42FD-B0E8-C3D95C5AB1C4}.Release|Any CPU.ActiveCfg = Release|Any CPU
		{2CD76E8E-B881-42FD-B0E8-C3D95C5AB1C4}.Release|Any CPU.Build.0 = Release|Any CPU
	EndGlobalSection
	GlobalSection(SolutionProperties) = preSolution
		HideSolutionNode = FALSE
	EndGlobalSection
	GlobalSection(ExtensibilityGlobals) = postSolution
		SolutionGuid = {BEB02EDA-F7AA-478B-82E0-ACBB4DDAA643}
	EndGlobalSection
EndGlobal
